Microsoft Visual Studio Solution File, Format Version 12.00
# Visual Studio Version 17
VisualStudioVersion = 17.0.31903.59
MinimumVisualStudioVersion = 10.0.40219.1
Project("{FAE04EC0-301F-11D3-BF4B-00C04F79EFBC}") = "ChatGPTMultiView", "src\ChatGPTMultiView\ChatGPTMultiView.csproj", "{9C5503F6-7B05-44C9-9129-9A4C691D2166}"
EndProject
Project("{FAE04EC0-301F-11D3-BF4B-00C04F79EFBC}") = "ChatGPTMultiView.Tests", "tests\ChatGPTMultiView.Tests\ChatGPTMultiView.Tests.csproj", "{5B61D97D-292A-49C4-91CB-2A6CF92B1E63}"
EndProject
Global
    GlobalSection(SolutionConfigurationPlatforms) = preSolution
        Debug|Any CPU = Debug|Any CPU
        Release|Any CPU = Release|Any CPU
    EndGlobalSection
    GlobalSection(ProjectConfigurationPlatforms) = postSolution
        {9C5503F6-7B05-44C9-9129-9A4C691D2166}.Debug|Any CPU.ActiveCfg = Debug|Any CPU
        {9C5503F6-7B05-44C9-9129-9A4C691D2166}.Debug|Any CPU.Build.0 = Debug|Any CPU
        {9C5503F6-7B05-44C9-9129-9A4C691D2166}.Release|Any CPU.ActiveCfg = Release|Any CPU
        {9C5503F6-7B05-44C9-9129-9A4C691D2166}.Release|Any CPU.Build.0 = Release|Any CPU
        {5B61D97D-292A-49C4-91CB-2A6CF92B1E63}.Debug|Any CPU.ActiveCfg = Debug|Any CPU
        {5B61D97D-292A-49C4-91CB-2A6CF92B1E63}.Debug|Any CPU.Build.0 = Debug|Any CPU
        {5B61D97D-292A-49C4-91CB-2A6CF92B1E63}.Release|Any CPU.ActiveCfg = Release|Any CPU
        {5B61D97D-292A-49C4-91CB-2A6CF92B1E63}.Release|Any CPU.Build.0 = Release|Any CPU
    EndGlobalSection
EndGlobal
